
Microsoft Visual Studio Solution File, Format Version 12.00
# Visual Studio 15
Project("{FAE04EC0-301F-11D3-BF4B-00C04F79EFBC}") = "Assembly-CSharp", "Assembly-CSharp.csproj", "{C6DEEBDF-6545-D446-83AC-DF0A7AF7497E}"
EndProject
Project("{FAE04EC0-301F-11D3-BF4B-00C04F79EFBC}") = "Assembly-CSharp-firstpass", "Assembly-CSharp-firstpass.csproj", "{05E199BD-D1CF-7A0E-DDF4-436A1F7DC2BF}"
EndProject
Project("{FAE04EC0-301F-11D3-BF4B-00C04F79EFBC}") = "Assembly-CSharp-Editor", "Assembly-CSharp-Editor.csproj", "{3A710692-F2E7-AFC1-5CE1-E0E07B270FAD}"
EndProject
Global
	GlobalSection(SolutionConfigurationPlatforms) = preSolution
		Debug|Any CPU = Debug|Any CPU
		Release|Any CPU = Release|Any CPU
	EndGlobalSection
	GlobalSection(ProjectConfigurationPlatforms) = postSolution
		{C6DEEBDF-6545-D446-83AC-DF0A7AF7497E}.Debug|Any CPU.ActiveCfg = Debug|Any CPU
		{C6DEEBDF-6545-D446-83AC-DF0A7AF7497E}.Debug|Any CPU.Build.0 = Debug|Any CPU
		{C6DEEBDF-6545-D446-83AC-DF0A7AF7497E}.Release|Any CPU.ActiveCfg = Release|Any CPU
		{C6DEEBDF-6545-D446-83AC-DF0A7AF7497E}.Release|Any CPU.Build.0 = Release|Any CPU
		{05E199BD-D1CF-7A0E-DDF4-436A1F7DC2BF}.Debug|Any CPU.ActiveCfg = Debug|Any CPU
		{05E199BD-D1CF-7A0E-DDF4-436A1F7DC2BF}.Debug|Any CPU.Build.0 = Debug|Any CPU
		{05E199BD-D1CF-7A0E-DDF4-436A1F7DC2BF}.Release|Any CPU.ActiveCfg = Release|Any CPU
		{05E199BD-D1CF-7A0E-DDF4-436A1F7DC2BF}.Release|Any CPU.Build.0 = Release|Any CPU
		{3A710692-F2E7-AFC1-5CE1-E0E07B270FAD}.Debug|Any CPU.ActiveCfg = Debug|Any CPU
		{3A710692-F2E7-AFC1-5CE1-E0E07B270FAD}.Debug|Any CPU.Build.0 = Debug|Any CPU
		{3A710692-F2E7-AFC1-5CE1-E0E07B270FAD}.Release|Any CPU.ActiveCfg = Release|Any CPU
		{3A710692-F2E7-AFC1-5CE1-E0E07B270FAD}.Release|Any CPU.Build.0 = Release|Any CPU
	EndGlobalSection
	GlobalSection(SolutionProperties) = preSolution
		HideSolutionNode = FALSE
	EndGlobalSection
EndGlobal
